github.com/aws/aws-sdk-go-v2 v1.47.1 h1:uOIZnp4PK3ZhKI0dNrJrhTEsLxbpXHTAJlwoS1pvAtw=
github.com/aws/aws-sdk-go-v2 v1.47.1/go.mod h1:bttEH6JqnUL8LepvDVfdrds/fZ5bCIxzpe3abyUrhDU=
github.com/aws/aws-sdk-go-v2/aws/protocol/eventstream v1.7.14 h1:3IZY0XAJquT3aHzbkHfPzy4ACPcEjVG0x87KOwtpqGY=
github.com/aws/aws-sdk-go-v2/aws/protocol/eventstream v1.7.14/go.mod h1:zwM6veDkhGgQFqkBy+uT28AAYpLu+uFMlPl+rCg/73E=
github.com/aws/aws-sdk-go-v2/config v1.27.9 h1:gRx/NwpNEFSk+yQlgmk1bmxxvQ5TyJ76CWXs9XScTqg=
github.com/aws/aws-sdk-go-v2/config v1.27.9/go.mod h1:dK1FQfpwpql83kbD873E9vz4FyAxuJtR22wzoXn3qq0=
github.com/aws/aws-sdk-go-v2/credentials v1.17.9 h1:N8s0/7yW+h8qR8WaRlPQeJ6czVMNQVNtNdUqf6cItao=
github.com/aws/aws-sdk-go-v2/credentials v1.17.9/go.mod h1:446YhIdmSV0Jf/SLafGZalQo+xr2iw7/fzXGDPTU1yQ=
github.com/aws/aws-sdk-go-v2/feature/ec2/imds v1.16.0 h1:af5YzcLf80tv4Em4jWVD75lpnOHSBkPUZxZfGkrI3HI=
github.com/aws/aws-sdk-go-v2/feature/ec2/imds v1.16.0/go.mod h1:nQ3how7DMnFMWiU1SpECohgC82fpn4cKZ875NDMmwtA=
github.com/aws/aws-sdk-go-v2/internal/configsources v1.5.4 h1:CLq4+8UHCI+ZZYl/EuJxXovaIVN2xeeT8JV+dsApQ5E=
github.com/aws/aws-sdk-go-v2/internal/configsources v1.5.4/go.mod h1:Wv4q5sAM04xAMkoOedxLx2inVf6K5FdxYp+A61L+q/0=
github.com/aws/aws-sdk-go-v2/internal/endpoints/v2 v2.8.4 h1:dD4MR81I7YkpEBRk6UP9rocC2QnT3qVuXwzlYTtfGEs=
github.com/aws/aws-sdk-go-v2/internal/endpoints/v2 v2.8.4/go.mod h1:EcXV1kAFd5XwSkDHlj94gnF3q5CkJyYiIJfH8N0VmrE=
github.com/aws/aws-sdk-go-v2/internal/ini v1.8.0 h1:hT8rVHwugYE2lEfdFE0QWVo81lF7jMrYJVDWI+f+VxU=
github.com/aws/aws-sdk-go-v2/internal/ini v1.8.0/go.mod h1:8tu/lYfQfFe6IGnaOdrpVgEL2IrrDOf6/m9RQum4NkY=
github.com/aws/aws-sdk-go-v2/internal/v4a v1.4.31 h1:3GUprIsfmGcC5SACIyB0e7E0BM1O1b3Erl5CePYIAeQ=
github.com/aws/aws-sdk-go-v2/internal/v4a v1.4.31/go.mod h1:7PuV1yl5e2xnUbm+RqvVg5i2iBM8EyijZNoI9wsOoOc=
github.com/aws/aws-sdk-go-v2/service/applicationautoscaling v1.51.1 h1:0KGTJGyjeDjSeYnfPYkIFJVj9mhtpN5pwf8fm2Jdsh4=
github.com/aws/aws-sdk-go-v2/service/applicationautoscaling v1.51.1/go.mod h1:i5P08xu4FfaQFTHEUuoFn9G1OKx2m9HhUtBXZWGQ1Dg=
github.com/aws/aws-sdk-go-v2/service/cloudwatchlogs v1.35.0 h1:Tpy3mOh9ladwf9bhlAr38OTnZk/Uh9UuN4UNg3MFB/U=
github.com/aws/aws-sdk-go-v2/service/cloudwatchlogs v1.35.0/go.mod h1:bIFyamdY1PRTmifPT7uHCq4+af0SooBn9hmK9UW/hmg=
github.com/aws/aws-sdk-go-v2/service/cloudwatchlogs v1.65.0 h1:3yaFbUbuLfN8n1q01wZtQtHRzUDc/jm0VvniMY0IPE8=
github.com/aws/aws-sdk-go-v2/service/cloudwatchlogs v1.65.0/go.mod h1:PobeppEnIjw4pcgjFryNDZCTH7AiqZw0yb5r98Gvf9c=
github.com/aws/aws-sdk-go-v2/service/ecs v1.99.1 h1:rVVvtFSTJnHJ+tyrFvzvFGaKv09tygTCAHjFtHju6AY=
github.com/aws/aws-sdk-go-v2/service/ecs v1.99.1/go.mod h1:1BjycrF8UaNiy2N2Y+piEMKuOtoR7FeYwYTMhEY5Gp8=
github.com/aws/aws-sdk-go-v2/service/internal/accept-encoding v1.13.13 h1:mbRIur/BiHK6SKPjoBIXSE/hJ6g6JGRLuxQy1jGjlN4=
github.com/aws/aws-sdk-go-v2/service/internal/accept-encoding v1.13.13/go.mod h1:ITg9em2KbJx1s0y4aqRX5OYWG6HBZ5TVR//OdpEZ2CQ=
github.com/aws/aws-sdk-go-v2/service/internal/checksum v1.9.23 h1:9Fjh6fi/U5JEStVZijmaMpUwE/gvBJj7x2B/PjbO9To=
github.com/aws/aws-sdk-go-v2/service/internal/checksum v1.9.23/go.mod h1:iMoT2f1tClxrWAAnKCXjZQ6LOmfLrMG14wmnWpM+F14=
github.com/aws/aws-sdk-go-v2/service/internal/presigned-url v1.13.30 h1:/Z5jmNrKsSD7EmDjzAPsm/3L9IuOkzaynklJZ1qX7S4=
github.com/aws/aws-sdk-go-v2/service/internal/presigned-url v1.13.30/go.mod h1:lEzEZnOosE7zi8Z6royW1cFJTD9fpab4Ul1SBrllewk=
github.com/aws/aws-sdk-go-v2/service/internal/s3shared v1.19.31 h1:uao4A3QZ5UmB326V6KF+qRpv9Tjz7IlnlnTbbANntlU=
github.com/aws/aws-sdk-go-v2/service/internal/s3shared v1.19.31/go.mod h1:I/1+z0VwL1GhQyLgkoHDlygpUZ+iTAwOQ/NsftiUL2I=
github.com/aws/aws-sdk-go-v2/service/s3 v1.104.2 h1:bAY6O/TDv1HQnvylh9E247IyIKsUWUt2G965S7qX110=
github.com/aws/aws-sdk-go-v2/service/s3 v1.104.2/go.mod h1:zdmCoFO/dSI7GlrwsPqFJI+WlFnSU4Tc8TJnlXrM1Do=
github.com/aws/aws-sdk-go-v2/service/sso v1.20.3 h1:mnbuWHOcM70/OFUlZZ5rcdfA8PflGXXiefU/O+1S3+8=
github.com/aws/aws-sdk-go-v2/service/sso v1.20.3/go.mod h1:5HFu51Elk+4oRBZVxmHrSds5jFXmFj8C3w7DVF2gnrs=
github.com/aws/aws-sdk-go-v2/service/ssooidc v1.23.3 h1:uLq0BKatTmDzWa/Nu4WO0M1AaQDaPpwTKAeByEc6WFM=
github.com/aws/aws-sdk-go-v2/service/ssooidc v1.23.3/go.mod h1:b+qdhjnxj8GSR6t5YfphOffeoQSQ1KmpoVVuBn+PWxs=
github.com/aws/aws-sdk-go-v2/service/sts v1.28.5 h1:J/PpTf/hllOjx8Xu9DMflff3FajfLxqM5+tepvVXmxg=
github.com/aws/aws-sdk-go-v2/service/sts v1.28.5/go.mod h1:0ih0Z83YDH/QeQ6Ori2yGE2XvWYv/Xm+cZc01LC6oK0=
github.com/aws/smithy-go v1.28.1 h1:R/nXH00c8qcfCzQVELtRw+eLQWtzv+VAIEFJ1/xxXlQ=
github.com/aws/smithy-go v1.28.1/go.mod h1:YE2RhdIuDbA5E5bTdciG9KrW3+TiEONeUWCqxX9i1Fc=
github.com/cpuguy83/go-md2man/v2 v2.0.3/go.mod h1:tgQtvFlXSQOSOSIRvRPT7W67SCa46tRHOmNcaadrF8o=
github.com/inconshreveable/mousetrap v1.1.0 h1:wN+x4NVGpMsO7ErUn/mUI3vEoE6Jt13X2s0bqwp9tc8=
github.com/inconshreveable/mousetrap v1.1.0/go.mod h1:vpF70FUmC8bwa3OWnCshd2FqLfsEA9PFc4w1p2J65bw=
github.com/russross/blackfriday/v2 v2.1.0/go.mod h1:+Rmxgy9KzJVeS9/2gXHxylqXiyQDYRxCVz55jmeOWTM=
github.com/spf13/cobra v1.8.0 h1:7aJaZx1B85qltLMc546zn58BxxfZdR/W22ej9CFoEf0=
github.com/spf13/cobra v1.8.0/go.mod h1:WXLWApfZ71AjXPya3WOlMsY9yMs7YeiHhFVlvLyhcho=
github.com/spf13/pflag v1.0.5 h1:iy+VFUOCP1a+8yFto/drg2CJ5u0yRoB7fZw3DKv/JXA=
github.com/spf13/pflag v1.0.5/go.mod h1:McXfInJRrz4CZXVZOBLb0bTZqETkiAhM9Iw0y3An2Bg=
gopkg.in/check.v1 v0.0.0-20161208181325-20d25e280405 h1:yhCVgyC4o1eVCa2tZl7eS0r+SDo693bJlVdllGtEeKM=
gopkg.in/check.v1 v0.0.0-20161208181325-20d25e280405/go.mod h1:Co6ibVJAznAaIkqp8huTwlJQCZ016jof/cbN4VW5Yz0=
gopkg.in/yaml.v3 v3.0.1 h1:fxVm/GzAzEWqLHuvctI91KS9hhNmmWOoWu0XTYJS7CA=
gopkg.in/yaml.v3 v3.0.1/go.mod h1:K4uyk7z7BCEPqu6E+C64Yfv1cQ7kz7rIZviUmN+EgEM=
